
Microsoft Visual Studio Solution File, Format Version 12.00
# Visual Studio Version 16
VisualStudioVersion = 16.0.30114.105
MinimumVisualStudioVersion = 10.0.40219.1
Project("{FAE04EC0-301F-11D3-BF4B-00C04F79EFBC}") = "API", "API\API.csproj", "{7ACB2692-EF2C-4F81-B324-157C20CBDECE}"
EndProject
Project("{FAE04EC0-301F-11D3-BF4B-00C04F79EFBC}") = "Application", "Application\Application.csproj", "{17BF73C6-F9CD-4EAB-9B6E-B70906BBC0F1}"
EndProject
Project("{FAE04EC0-301F-11D3-BF4B-00C04F79EFBC}") = "Persistence", "Persistence\Persistence.csproj", "{96C203CE-190C-4427-9C91-25E474D17450}"
EndProject
Project("{FAE04EC0-301F-11D3-BF4B-00C04F79EFBC}") = "Domain", "Domain\Domain.csproj", "{FB47C967-10D3-4605-8276-4CCF8D79BF24}"
EndProject
Global
	GlobalSection(SolutionConfigurationPlatforms) = preSolution
		Debug|Any CPU = Debug|Any CPU
		Debug|x64 = Debug|x64
		Debug|x86 = Debug|x86
		Release|Any CPU = Release|Any CPU
		Release|x64 = Release|x64
		Release|x86 = Release|x86
	EndGlobalSection
	GlobalSection(SolutionProperties) = preSolution
		HideSolutionNode = FALSE
	EndGlobalSection
	GlobalSection(ProjectConfigurationPlatforms) = postSolution
		{7ACB2692-EF2C-4F81-B324-157C20CBDECE}.Debug|Any CPU.ActiveCfg = Debug|Any CPU
		{7ACB2692-EF2C-4F81-B324-157C20CBDECE}.Debug|Any CPU.Build.0 = Debug|Any CPU
		{7ACB2692-EF2C-4F81-B324-157C20CBDECE}.Debug|x64.ActiveCfg = Debug|Any CPU
		{7ACB2692-EF2C-4F81-B324-157C20CBDECE}.Debug|x64.Build.0 = Debug|Any CPU
		{7ACB2692-EF2C-4F81-B324-157C20CBDECE}.Debug|x86.ActiveCfg = Debug|Any CPU
		{7ACB2692-EF2C-4F81-B324-157C20CBDECE}.Debug|x86.Build.0 = Debug|Any CPU
		{7ACB2692-EF2C-4F81-B324-157C20CBDECE}.Release|Any CPU.ActiveCfg = Release|Any CPU
		{7ACB2692-EF2C-4F81-B324-157C20CBDECE}.Release|Any CPU.Build.0 = Release|Any CPU
		{7ACB2692-EF2C-4F81-B324-157C20CBDECE}.Release|x64.ActiveCfg = Release|Any CPU
		{7ACB2692-EF2C-4F81-B324-157C20CBDECE}.Release|x64.Build.0 = Release|Any CPU
		{7ACB2692-EF2C-4F81-B324-157C20CBDECE}.Release|x86.ActiveCfg = Release|Any CPU
		{7ACB2692-EF2C-4F81-B324-157C20CBDECE}.Release|x86.Build.0 = Release|Any CPU
		{17BF73C6-F9CD-4EAB-9B6E-B70906BBC0F1}.Debug|Any CPU.ActiveCfg = Debug|Any CPU
		{17BF73C6-F9CD-4EAB-9B6E-B70906BBC0F1}.Debug|Any CPU.Build.0 = Debug|Any CPU
		{17BF73C6-F9CD-4EAB-9B6E-B70906BBC0F1}.Debug|x64.ActiveCfg = Debug|Any CPU
		{17BF73C6-F9CD-4EAB-9B6E-B70906BBC0F1}.Debug|x64.Build.0 = Debug|Any CPU
		{17BF73C6-F9CD-4EAB-9B6E-B70906BBC0F1}.Debug|x86.ActiveCfg = Debug|Any CPU
		{17BF73C6-F9CD-4EAB-9B6E-B70906BBC0F1}.Debug|x86.Build.0 = Debug|Any CPU
		{17BF73C6-F9CD-4EAB-9B6E-B70906BBC0F1}.Release|Any CPU.ActiveCfg = Release|Any CPU
		{17BF73C6-F9CD-4EAB-9B6E-B70906BBC0F1}.Release|Any CPU.Build.0 = Release|Any CPU
		{17BF73C6-F9CD-4EAB-9B6E-B70906BBC0F1}.Release|x64.ActiveCfg = Release|Any CPU
		{17BF73C6-F9CD-4EAB-9B6E-B70906BBC0F1}.Release|x64.Build.0 = Release|Any CPU
		{17BF73C6-F9CD-4EAB-9B6E-B70906BBC0F1}.Release|x86.ActiveCfg = Release|Any CPU
		{17BF73C6-F9CD-4EAB-9B6E-B70906BBC0F1}.Release|x86.Build.0 = Release|Any CPU
		{96C203CE-190C-4427-9C91-25E474D17450}.Debug|Any CPU.ActiveCfg = Debug|Any CPU
		{96C203CE-190C-4427-9C91-25E474D17450}.Debug|Any CPU.Build.0 = Debug|Any CPU
		{96C203CE-190C-4427-9C91-25E474D17450}.Debug|x64.ActiveCfg = Debug|Any CPU
		{96C203CE-190C-4427-9C91-25E474D17450}.Debug|x64.Build.0 = Debug|Any CPU
		{96C203CE-190C-4427-9C91-25E474D17450}.Debug|x86.ActiveCfg = Debug|Any CPU
		{96C203CE-190C-4427-9C91-25E474D17450}.Debug|x86.Build.0 = Debug|Any CPU
		{96C203CE-190C-4427-9C91-25E474D17450}.Release|Any CPU.ActiveCfg = Release|Any CPU
		{96C203CE-190C-4427-9C91-25E474D17450}.Release|Any CPU.Build.0 = Release|Any CPU
		{96C203CE-190C-4427-9C91-25E474D17450}.Release|x64.ActiveCfg = Release|Any CPU
		{96C203CE-190C-4427-9C91-25E474D17450}.Release|x64.Build.0 = Release|Any CPU
		{96C203CE-190C-4427-9C91-25E474D17450}.Release|x86.ActiveCfg = Release|Any CPU
		{96C203CE-190C-4427-9C91-25E474D17450}.Release|x86.Build.0 = Release|Any CPU
		{FB47C967-10D3-4605-8276-4CCF8D79BF24}.Debug|Any CPU.ActiveCfg = Debug|Any CPU
		{FB47C967-10D3-4605-8276-4CCF8D79BF24}.Debug|Any CPU.Build.0 = Debug|Any CPU
		{FB47C967-10D3-4605-8276-4CCF8D79BF24}.Debug|x64.ActiveCfg = Debug|Any CPU
		{FB47C967-10D3-4605-8276-4CCF8D79BF24}.Debug|x64.Build.0 = Debug|Any CPU
		{FB47C967-10D3-4605-8276-4CCF8D79BF24}.Debug|x86.ActiveCfg = Debug|Any CPU
		{FB47C967-10D3-4605-8276-4CCF8D79BF24}.Debug|x86.Build.0 = Debug|Any CPU
		{FB47C967-10D3-4605-8276-4CCF8D79BF24}.Release|Any CPU.ActiveCfg = Release|Any CPU
		{FB47C967-10D3-4605-8276-4CCF8D79BF24}.Release|Any CPU.Build.0 = Release|Any CPU
		{FB47C967-10D3-4605-8276-4CCF8D79BF24}.Release|x64.ActiveCfg = Release|Any CPU
		{FB47C967-10D3-4605-8276-4CCF8D79BF24}.Release|x64.Build.0 = Release|Any CPU
		{FB47C967-10D3-4605-8276-4CCF8D79BF24}.Release|x86.ActiveCfg = Release|Any CPU
		{FB47C967-10D3-4605-8276-4CCF8D79BF24}.Release|x86.Build.0 = Release|Any CPU
	EndGlobalSection
EndGlobal
